
Microsoft Visual Studio Solution File, Format Version 12.00
# Visual Studio Version 16
VisualStudioVersion = 16.0.31025.194
MinimumVisualStudioVersion = 10.0.40219.1
Project("{9A19103F-16F7-4668-BE54-9A1E7A4F7556}") = "Penztargep-dr1_WPF", "Penztargep-dr1_WPF\Penztargep-dr1_WPF.csproj", "{74F4D7B8-F084-4A64-BC3A-07E898DCFDB8}"
EndProject
Project("{9A19103F-16F7-4668-BE54-9A1E7A4F7556}") = "Penztargep-dr1_EntityFramework", "Penztargep-dr1_EntityFramework\Penztargep-dr1_EntityFramework.csproj", "{9D6C2C96-BD33-4B07-908B-B7B4CE1B1144}"
EndProject
Project("{9A19103F-16F7-4668-BE54-9A1E7A4F7556}") = "Penztargep-dr1_Domain", "Penztargep-dr1_Domain\Penztargep-dr1_Domain.csproj", "{229E28E1-9A59-4A79-B62D-C928750B20C0}"
EndProject
Global
	GlobalSection(SolutionConfigurationPlatforms) = preSolution
		Debug|Any CPU = Debug|Any CPU
		Release|Any CPU = Release|Any CPU
	EndGlobalSection
	GlobalSection(ProjectConfigurationPlatforms) = postSolution
		{74F4D7B8-F084-4A64-BC3A-07E898DCFDB8}.Debug|Any CPU.ActiveCfg = Debug|Any CPU
		{74F4D7B8-F084-4A64-BC3A-07E898DCFDB8}.Debug|Any CPU.Build.0 = Debug|Any CPU
		{74F4D7B8-F084-4A64-BC3A-07E898DCFDB8}.Release|Any CPU.ActiveCfg = Release|Any CPU
		{74F4D7B8-F084-4A64-BC3A-07E898DCFDB8}.Release|Any CPU.Build.0 = Release|Any CPU
		{9D6C2C96-BD33-4B07-908B-B7B4CE1B1144}.Debug|Any CPU.ActiveCfg = Debug|Any CPU
		{9D6C2C96-BD33-4B07-908B-B7B4CE1B1144}.Debug|Any CPU.Build.0 = Debug|Any CPU
		{9D6C2C96-BD33-4B07-908B-B7B4CE1B1144}.Release|Any CPU.ActiveCfg = Release|Any CPU
		{9D6C2C96-BD33-4B07-908B-B7B4CE1B1144}.Release|Any CPU.Build.0 = Release|Any CPU
		{229E28E1-9A59-4A79-B62D-C928750B20C0}.Debug|Any CPU.ActiveCfg = Debug|Any CPU
		{229E28E1-9A59-4A79-B62D-C928750B20C0}.Debug|Any CPU.Build.0 = Debug|Any CPU
		{229E28E1-9A59-4A79-B62D-C928750B20C0}.Release|Any CPU.ActiveCfg = Release|Any CPU
		{229E28E1-9A59-4A79-B62D-C928750B20C0}.Release|Any CPU.Build.0 = Release|Any CPU
	EndGlobalSection
	GlobalSection(SolutionProperties) = preSolution
		HideSolutionNode = FALSE
	EndGlobalSection
	GlobalSection(ExtensibilityGlobals) = postSolution
		SolutionGuid = {776FF723-A2A9-4E70-9F1E-B1966CCD05C7}
	EndGlobalSection
EndGlobal
